
Microsoft Visual Studio Solution File, Format Version 12.00
# Visual Studio Version 17
VisualStudioVersion = 17.1.32421.90
MinimumVisualStudioVersion = 10.0.40219.1
Project("{2150E333-8FDC-42A3-9474-1A3956D46DE8}") = "Solution Items", "Solution Items", "{7E5F510A-D816-4B2C-BF64-0AFFEF2BC121}"
	ProjectSection(SolutionItems) = preProject
		.editorconfig = .editorconfig
		Directory.Build.props = Directory.Build.props
		README.md = README.md
	EndProjectSection
EndProject
Project("{2150E333-8FDC-42A3-9474-1A3956D46DE8}") = "src", "src", "{8719FBED-019B-46AC-BCE3-05A441583B53}"
EndProject
Project("{2150E333-8FDC-42A3-9474-1A3956D46DE8}") = "samples", "samples", "{F8375870-0CED-4476-85A2-2F408396CFFF}"
EndProject
Project("{9A19103F-16F7-4668-BE54-9A1E7A4F7556}") = "App", "samples\App\App.csproj", "{ADC49C81-4BC3-4E4B-93E0-DB0345C194FC}"
EndProject
Project("{9A19103F-16F7-4668-BE54-9A1E7A4F7556}") = "Domain", "samples\Domain\Domain.csproj", "{F509CFBF-FC4B-4CE4-A9B3-1756450027C5}"
EndProject
Project("{9A19103F-16F7-4668-BE54-9A1E7A4F7556}") = "MediatR", "samples\MediatR\MediatR.csproj", "{D5C808CE-734D-4035-B649-AFB6BF3EEE3E}"
EndProject
Project("{2150E333-8FDC-42A3-9474-1A3956D46DE8}") = "tests", "tests", "{CF2F0948-46ED-4D53-B579-D4470AA69EE6}"
EndProject
Project("{9A19103F-16F7-4668-BE54-9A1E7A4F7556}") = "CoreSharp.EntityFramework", "CoreSharp.EntityFramework\CoreSharp.EntityFramework.csproj", "{3E74830A-0D6C-4824-9186-36E8638A6854}"
EndProject
Project("{9A19103F-16F7-4668-BE54-9A1E7A4F7556}") = "CoreSharp.EntityFramework.Tests", "CoreSharp.EntityFramework.Tests\CoreSharp.EntityFramework.Tests.csproj", "{79F5F25A-2830-49D3-A6CF-7142653CD6CF}"
EndProject
Global
	GlobalSection(SolutionConfigurationPlatforms) = preSolution
		Debug|Any CPU = Debug|Any CPU
		Release|Any CPU = Release|Any CPU
	EndGlobalSection
	GlobalSection(ProjectConfigurationPlatforms) = postSolution
		{ADC49C81-4BC3-4E4B-93E0-DB0345C194FC}.Debug|Any CPU.ActiveCfg = Debug|Any CPU
		{ADC49C81-4BC3-4E4B-93E0-DB0345C194FC}.Debug|Any CPU.Build.0 = Debug|Any CPU
		{ADC49C81-4BC3-4E4B-93E0-DB0345C194FC}.Release|Any CPU.ActiveCfg = Release|Any CPU
		{ADC49C81-4BC3-4E4B-93E0-DB0345C194FC}.Release|Any CPU.Build.0 = Release|Any CPU
		{F509CFBF-FC4B-4CE4-A9B3-1756450027C5}.Debug|Any CPU.ActiveCfg = Debug|Any CPU
		{F509CFBF-FC4B-4CE4-A9B3-1756450027C5}.Debug|Any CPU.Build.0 = Debug|Any CPU
		{F509CFBF-FC4B-4CE4-A9B3-1756450027C5}.Release|Any CPU.ActiveCfg = Release|Any CPU
		{F509CFBF-FC4B-4CE4-A9B3-1756450027C5}.Release|Any CPU.Build.0 = Release|Any CPU
		{D5C808CE-734D-4035-B649-AFB6BF3EEE3E}.Debug|Any CPU.ActiveCfg = Debug|Any CPU
		{D5C808CE-734D-4035-B649-AFB6BF3EEE3E}.Debug|Any CPU.Build.0 = Debug|Any CPU
		{D5C808CE-734D-4035-B649-AFB6BF3EEE3E}.Release|Any CPU.ActiveCfg = Release|Any CPU
		{D5C808CE-734D-4035-B649-AFB6BF3EEE3E}.Release|Any CPU.Build.0 = Release|Any CPU
		{3E74830A-0D6C-4824-9186-36E8638A6854}.Debug|Any CPU.ActiveCfg = Debug|Any CPU
		{3E74830A-0D6C-4824-9186-36E8638A6854}.Debug|Any CPU.Build.0 = Debug|Any CPU
		{3E74830A-0D6C-4824-9186-36E8638A6854}.Release|Any CPU.ActiveCfg = Release|Any CPU
		{3E74830A-0D6C-4824-9186-36E8638A6854}.Release|Any CPU.Build.0 = Release|Any CPU
		{79F5F25A-2830-49D3-A6CF-7142653CD6CF}.Debug|Any CPU.ActiveCfg = Debug|Any CPU
		{79F5F25A-2830-49D3-A6CF-7142653CD6CF}.Debug|Any CPU.Build.0 = Debug|Any CPU
		{79F5F25A-2830-49D3-A6CF-7142653CD6CF}.Release|Any CPU.ActiveCfg = Release|Any CPU
		{79F5F25A-2830-49D3-A6CF-7142653CD6CF}.Release|Any CPU.Build.0 = Release|Any CPU
	EndGlobalSection
	GlobalSection(SolutionProperties) = preSolution
		HideSolutionNode = FALSE
	EndGlobalSection
	GlobalSection(NestedProjects) = preSolution
		{ADC49C81-4BC3-4E4B-93E0-DB0345C194FC} = {F8375870-0CED-4476-85A2-2F408396CFFF}
		{F509CFBF-FC4B-4CE4-A9B3-1756450027C5} = {F8375870-0CED-4476-85A2-2F408396CFFF}
		{D5C808CE-734D-4035-B649-AFB6BF3EEE3E} = {F8375870-0CED-4476-85A2-2F408396CFFF}
		{3E74830A-0D6C-4824-9186-36E8638A6854} = {8719FBED-019B-46AC-BCE3-05A441583B53}
		{79F5F25A-2830-49D3-A6CF-7142653CD6CF} = {CF2F0948-46ED-4D53-B579-D4470AA69EE6}
	EndGlobalSection
	GlobalSection(ExtensibilityGlobals) = postSolution
		SolutionGuid = {1D4BB487-5570-493E-84C9-F81816E390FE}
	EndGlobalSection
EndGlobal
